{
  "version": 4,
  "terraform_version": "1.3.6",
  "serial": 19,
  "lineage": "47bbae38-cca0-966b-ee02-2d5e016dba2d",
  "outputs": {},
  "resources": [
    {
      "mode": "managed",
      "type": "azurerm_linux_virtual_machine",
      "name": "jenkins",
      "provider": "provider[\"registry.terraform.io/hashicorp/azurerm\"]",
      "instances": [
        {
          "schema_version": 0,
          "attributes": {
            "additional_capabilities": [],
            "admin_password": "techstarter2342!",
            "admin_ssh_key": [
              {
                "public_key": "ssh-rsa AAAAB3NzaC1yc2EAAAADAQABAAABgQDCeRCdXXCojIXuOugup2Qs0X88J23m7E91xS9lv/ASYee00DTeFexthR7rnoviJimkTZP3zFp3/iFauugQ8u263FB0ZZYfu9cKTf1SB6Ow/4TgTu9Gy+30PHGXdUBSVwrteo1J8Lk0BsxOFmJ5CWjc4YkifqUu+6WxYvHsSRdCvt8GHtfTpBkt31jV1DHjq8L1TZ0QT24hPfMsALyxuBXe6npUrgEA7+7RrVRkvLFJnGz6jxHXHyKS3XUi/D7MHRMg+fDnJaOh+5V+3lye9eSQhv8dIi6XZ7dFscoZxr6fMf2k/gBWpLVb3rvaBG+b3IH9oB0VqIK5/CKVs1Dhy7sj3MbV6LxQZwxHn/W99Asqk3Ubv5js10kn4Nkmy/iqCxwUW3A+d1+uAT4mS5+6H+tvBdeldpk8pt46ubYaC3i972BtKXXGFfyFJ3NurXZZSsTsnbdKpxoW/BsikVfzX1Dixxm3AdTGeJaeCYi944YHr7dDX99G/B/KPf59Ato9Lm0= party@adiworkstation\r\n",
                "username": "techstarter"
              }
            ],
            "admin_username": "techstarter",
            "allow_extension_operations": true,
            "availability_set_id": "",
            "boot_diagnostics": [],
            "capacity_reservation_group_id": "",
            "computer_name": "jenkins",
            "custom_data": null,
            "dedicated_host_group_id": "",
            "dedicated_host_id": "",
            "disable_password_authentication": true,
            "edge_zone": "",
            "encryption_at_host_enabled": false,
            "eviction_policy": "",
            "extensions_time_budget": "PT1H30M",
            "gallery_application": [],
            "id": "/subscriptions/ea6e6692-4d05-4c5b-9909-51c7dc5f5c2b/resourceGroups/adriano-christmann-rg/providers/Microsoft.Compute/virtualMachines/jenkins-vm",
            "identity": [],
            "license_type": "",
            "location": "northeurope",
            "max_bid_price": -1,
            "name": "jenkins-vm",
            "network_interface_ids": [
              "/subscriptions/ea6e6692-4d05-4c5b-9909-51c7dc5f5c2b/resourceGroups/adriano-christmann-rg/providers/Microsoft.Network/networkInterfaces/jenkins-nic"
            ],
            "os_disk": [
              {
                "caching": "ReadWrite",
                "diff_disk_settings": [],
                "disk_encryption_set_id": "",
                "disk_size_gb": 30,
                "name": "jenkins-osdisk1",
                "secure_vm_disk_encryption_set_id": "",
                "security_encryption_type": "",
                "storage_account_type": "Standard_LRS",
                "write_accelerator_enabled": false
              }
            ],
            "patch_assessment_mode": "ImageDefault",
            "patch_mode": "ImageDefault",
            "plan": [],
            "platform_fault_domain": -1,
            "priority": "Regular",
            "private_ip_address": "10.0.2.5",
            "private_ip_addresses": [
              "10.0.2.5"
            ],
            "provision_vm_agent": true,
            "proximity_placement_group_id": "",
            "public_ip_address": "40.85.72.252",
            "public_ip_addresses": [
              "40.85.72.252"
            ],
            "resource_group_name": "adriano-christmann-rg",
            "secret": [],
            "secure_boot_enabled": false,
            "size": "Standard_B1s",
            "source_image_id": "",
            "source_image_reference": [
              {
                "offer": "0001-com-ubuntu-server-focal",
                "publisher": "Canonical",
                "sku": "20_04-lts-gen2",
                "version": "latest"
              }
            ],
            "tags": {
              "environment": "jenkins"
            },
            "termination_notification": [],
            "timeouts": null,
            "user_data": "",
            "virtual_machine_id": "fa5ec4ff-988e-49c3-92cf-622b21e80054",
            "virtual_machine_scale_set_id": "",
            "vtpm_enabled": false,
            "zone": ""
          },
          "sensitive_attributes": [],
          "private": "eyJlMmJmYjczMC1lY2FhLTExZTYtOGY4OC0zNDM2M2JjN2M0YzAiOnsiY3JlYXRlIjoyNzAwMDAwMDAwMDAwLCJkZWxldGUiOjI3MDAwMDAwMDAwMDAsInJlYWQiOjMwMDAwMDAwMDAwMCwidXBkYXRlIjoyNzAwMDAwMDAwMDAwfX0=",
          "dependencies": [
            "azurerm_network_interface.jenkins",
            "azurerm_network_security_group.nsg",
            "azurerm_public_ip.jenkins_public_ip",
            "azurerm_resource_group.cicdproject",
            "azurerm_ssh_public_key.sshkey",
            "azurerm_subnet.internal",
            "azurerm_virtual_network.main"
          ]
        }
      ]
    },
    {
      "mode": "managed",
      "type": "azurerm_linux_virtual_machine",
      "name": "webserver",
      "provider": "provider[\"registry.terraform.io/hashicorp/azurerm\"]",
      "instances": [
        {
          "schema_version": 0,
          "attributes": {
            "additional_capabilities": [],
            "admin_password": "techstarter2342!",
            "admin_ssh_key": [
              {
                "public_key": "ssh-rsa AAAAB3NzaC1yc2EAAAADAQABAAABgQDCeRCdXXCojIXuOugup2Qs0X88J23m7E91xS9lv/ASYee00DTeFexthR7rnoviJimkTZP3zFp3/iFauugQ8u263FB0ZZYfu9cKTf1SB6Ow/4TgTu9Gy+30PHGXdUBSVwrteo1J8Lk0BsxOFmJ5CWjc4YkifqUu+6WxYvHsSRdCvt8GHtfTpBkt31jV1DHjq8L1TZ0QT24hPfMsALyxuBXe6npUrgEA7+7RrVRkvLFJnGz6jxHXHyKS3XUi/D7MHRMg+fDnJaOh+5V+3lye9eSQhv8dIi6XZ7dFscoZxr6fMf2k/gBWpLVb3rvaBG+b3IH9oB0VqIK5/CKVs1Dhy7sj3MbV6LxQZwxHn/W99Asqk3Ubv5js10kn4Nkmy/iqCxwUW3A+d1+uAT4mS5+6H+tvBdeldpk8pt46ubYaC3i972BtKXXGFfyFJ3NurXZZSsTsnbdKpxoW/BsikVfzX1Dixxm3AdTGeJaeCYi944YHr7dDX99G/B/KPf59Ato9Lm0= party@adiworkstation\r\n",
                "username": "techstarter"
              }
            ],
            "admin_username": "techstarter",
            "allow_extension_operations": true,
            "availability_set_id": "",
            "boot_diagnostics": [],
            "capacity_reservation_group_id": "",
            "computer_name": "webserver",
            "custom_data": null,
            "dedicated_host_group_id": "",
            "dedicated_host_id": "",
            "disable_password_authentication": true,
            "edge_zone": "",
            "encryption_at_host_enabled": false,
            "eviction_policy": "",
            "extensions_time_budget": "PT1H30M",
            "gallery_application": [],
            "id": "/subscriptions/ea6e6692-4d05-4c5b-9909-51c7dc5f5c2b/resourceGroups/adriano-christmann-rg/providers/Microsoft.Compute/virtualMachines/webserver-vm",
            "identity": [],
            "license_type": "",
            "location": "northeurope",
            "max_bid_price": -1,
            "name": "webserver-vm",
            "network_interface_ids": [
              "/subscriptions/ea6e6692-4d05-4c5b-9909-51c7dc5f5c2b/resourceGroups/adriano-christmann-rg/providers/Microsoft.Network/networkInterfaces/webserver-nic"
            ],
            "os_disk": [
              {
                "caching": "ReadWrite",
                "diff_disk_settings": [],
                "disk_encryption_set_id": "",
                "disk_size_gb": 30,
                "name": "webserver-osdisk1",
                "secure_vm_disk_encryption_set_id": "",
                "security_encryption_type": "",
                "storage_account_type": "Standard_LRS",
                "write_accelerator_enabled": false
              }
            ],
            "patch_assessment_mode": "ImageDefault",
            "patch_mode": "ImageDefault",
            "plan": [],
            "platform_fault_domain": -1,
            "priority": "Regular",
            "private_ip_address": "10.0.2.4",
            "private_ip_addresses": [
              "10.0.2.4"
            ],
            "provision_vm_agent": true,
            "proximity_placement_group_id": "",
            "public_ip_address": "20.166.67.203",
            "public_ip_addresses": [
              "20.166.67.203"
            ],
            "resource_group_name": "adriano-christmann-rg",
            "secret": [],
            "secure_boot_enabled": false,
            "size": "Standard_B1s",
            "source_image_id": "",
            "source_image_reference": [
              {
                "offer": "0001-com-ubuntu-server-focal",
                "publisher": "Canonical",
                "sku": "20_04-lts-gen2",
                "version": "latest"
              }
            ],
            "tags": {
              "environment": "webserver"
            },
            "termination_notification": [],
            "timeouts": null,
            "user_data": "",
            "virtual_machine_id": "0e88b6d2-c398-43b2-85e5-5944f7a6bf17",
            "virtual_machine_scale_set_id": "",
            "vtpm_enabled": false,
            "zone": ""
          },
          "sensitive_attributes": [],
          "private": "eyJlMmJmYjczMC1lY2FhLTExZTYtOGY4OC0zNDM2M2JjN2M0YzAiOnsiY3JlYXRlIjoyNzAwMDAwMDAwMDAwLCJkZWxldGUiOjI3MDAwMDAwMDAwMDAsInJlYWQiOjMwMDAwMDAwMDAwMCwidXBkYXRlIjoyNzAwMDAwMDAwMDAwfX0=",
          "dependencies": [
            "azurerm_network_interface.jenkins",
            "azurerm_network_interface.webserver",
            "azurerm_network_security_group.nsg",
            "azurerm_public_ip.jenkins_public_ip",
            "azurerm_public_ip.webserver_public_ip",
            "azurerm_resource_group.cicdproject",
            "azurerm_ssh_public_key.sshkey",
            "azurerm_subnet.internal",
            "azurerm_virtual_network.main"
          ]
        }
      ]
    },
    {
      "mode": "managed",
      "type": "azurerm_network_interface",
      "name": "jenkins",
      "provider": "provider[\"registry.terraform.io/hashicorp/azurerm\"]",
      "instances": [
        {
          "schema_version": 0,
          "attributes": {
            "applied_dns_servers": [],
            "dns_servers": [],
            "edge_zone": "",
            "enable_accelerated_networking": false,
            "enable_ip_forwarding": false,
            "id": "/subscriptions/ea6e6692-4d05-4c5b-9909-51c7dc5f5c2b/resourceGroups/adriano-christmann-rg/providers/Microsoft.Network/networkInterfaces/jenkins-nic",
            "internal_dns_name_label": "",
            "internal_domain_name_suffix": "d5pbsw225raudbboyn0ce1ap4a.fx.internal.cloudapp.net",
            "ip_configuration": [
              {
                "gateway_load_balancer_frontend_ip_configuration_id": "",
                "name": "cicdprojectnetwork",
                "primary": true,
                "private_ip_address": "10.0.2.5",
                "private_ip_address_allocation": "Dynamic",
                "private_ip_address_version": "IPv4",
                "public_ip_address_id": "/subscriptions/ea6e6692-4d05-4c5b-9909-51c7dc5f5c2b/resourceGroups/adriano-christmann-rg/providers/Microsoft.Network/publicIPAddresses/jenkins-public-ip",
                "subnet_id": "/subscriptions/ea6e6692-4d05-4c5b-9909-51c7dc5f5c2b/resourceGroups/adriano-christmann-rg/providers/Microsoft.Network/virtualNetworks/cicidproject-network/subnets/internal"
              }
            ],
            "location": "northeurope",
            "mac_address": "00-22-48-A4-0E-2E",
            "name": "jenkins-nic",
            "private_ip_address": "10.0.2.5",
            "private_ip_addresses": [
              "10.0.2.5"
            ],
            "resource_group_name": "adriano-christmann-rg",
            "tags": {},
            "timeouts": null,
            "virtual_machine_id": "/subscriptions/ea6e6692-4d05-4c5b-9909-51c7dc5f5c2b/resourceGroups/adriano-christmann-rg/providers/Microsoft.Compute/virtualMachines/jenkins-vm"
          },
          "sensitive_attributes": [],
          "private": "eyJlMmJmYjczMC1lY2FhLTExZTYtOGY4OC0zNDM2M2JjN2M0YzAiOnsiY3JlYXRlIjoxODAwMDAwMDAwMDAwLCJkZWxldGUiOjE4MDAwMDAwMDAwMDAsInJlYWQiOjMwMDAwMDAwMDAwMCwidXBkYXRlIjoxODAwMDAwMDAwMDAwfX0=",
          "dependencies": [
            "azurerm_public_ip.jenkins_public_ip",
            "azurerm_resource_group.cicdproject",
            "azurerm_subnet.internal",
            "azurerm_virtual_network.main"
          ]
        }
      ]
    },
    {
      "mode": "managed",
      "type": "azurerm_network_interface",
      "name": "webserver",
      "provider": "provider[\"registry.terraform.io/hashicorp/azurerm\"]",
      "instances": [
        {
          "schema_version": 0,
          "attributes": {
            "applied_dns_servers": [],
            "dns_servers": [],
            "edge_zone": "",
            "enable_accelerated_networking": false,
            "enable_ip_forwarding": false,
            "id": "/subscriptions/ea6e6692-4d05-4c5b-9909-51c7dc5f5c2b/resourceGroups/adriano-christmann-rg/providers/Microsoft.Network/networkInterfaces/webserver-nic",
            "internal_dns_name_label": "",
            "internal_domain_name_suffix": "d5pbsw225raudbboyn0ce1ap4a.fx.internal.cloudapp.net",
            "ip_configuration": [
              {
                "gateway_load_balancer_frontend_ip_configuration_id": "",
                "name": "cicdprojectnetwork",
                "primary": true,
                "private_ip_address": "10.0.2.4",
                "private_ip_address_allocation": "Dynamic",
                "private_ip_address_version": "IPv4",
                "public_ip_address_id": "/subscriptions/ea6e6692-4d05-4c5b-9909-51c7dc5f5c2b/resourceGroups/adriano-christmann-rg/providers/Microsoft.Network/publicIPAddresses/webserver-public-ip",
                "subnet_id": "/subscriptions/ea6e6692-4d05-4c5b-9909-51c7dc5f5c2b/resourceGroups/adriano-christmann-rg/providers/Microsoft.Network/virtualNetworks/cicidproject-network/subnets/internal"
              }
            ],
            "location": "northeurope",
            "mac_address": "00-22-48-A0-01-4E",
            "name": "webserver-nic",
            "private_ip_address": "10.0.2.4",
            "private_ip_addresses": [
              "10.0.2.4"
            ],
            "resource_group_name": "adriano-christmann-rg",
            "tags": {},
            "timeouts": null,
            "virtual_machine_id": "/subscriptions/ea6e6692-4d05-4c5b-9909-51c7dc5f5c2b/resourceGroups/adriano-christmann-rg/providers/Microsoft.Compute/virtualMachines/webserver-vm"
          },
          "sensitive_attributes": [],
          "private": "eyJlMmJmYjczMC1lY2FhLTExZTYtOGY4OC0zNDM2M2JjN2M0YzAiOnsiY3JlYXRlIjoxODAwMDAwMDAwMDAwLCJkZWxldGUiOjE4MDAwMDAwMDAwMDAsInJlYWQiOjMwMDAwMDAwMDAwMCwidXBkYXRlIjoxODAwMDAwMDAwMDAwfX0=",
          "dependencies": [
            "azurerm_public_ip.webserver_public_ip",
            "azurerm_resource_group.cicdproject",
            "azurerm_subnet.internal",
            "azurerm_virtual_network.main"
          ]
        }
      ]
    },
    {
      "mode": "managed",
      "type": "azurerm_network_interface_security_group_association",
      "name": "jenkinsnsg",
      "provider": "provider[\"registry.terraform.io/hashicorp/azurerm\"]",
      "instances": [
        {
          "schema_version": 0,
          "attributes": {
            "id": "/subscriptions/ea6e6692-4d05-4c5b-9909-51c7dc5f5c2b/resourceGroups/adriano-christmann-rg/providers/Microsoft.Network/networkInterfaces/jenkins-nic|/subscriptions/ea6e6692-4d05-4c5b-9909-51c7dc5f5c2b/resourceGroups/adriano-christmann-rg/providers/Microsoft.Network/networkSecurityGroups/cicdproject-nsg",
            "network_interface_id": "/subscriptions/ea6e6692-4d05-4c5b-9909-51c7dc5f5c2b/resourceGroups/adriano-christmann-rg/providers/Microsoft.Network/networkInterfaces/jenkins-nic",
            "network_security_group_id": "/subscriptions/ea6e6692-4d05-4c5b-9909-51c7dc5f5c2b/resourceGroups/adriano-christmann-rg/providers/Microsoft.Network/networkSecurityGroups/cicdproject-nsg",
            "timeouts": null
          },
          "sensitive_attributes": [],
          "private": "eyJlMmJmYjczMC1lY2FhLTExZTYtOGY4OC0zNDM2M2JjN2M0YzAiOnsiY3JlYXRlIjoxODAwMDAwMDAwMDAwLCJkZWxldGUiOjE4MDAwMDAwMDAwMDAsInJlYWQiOjMwMDAwMDAwMDAwMCwidXBkYXRlIjoxODAwMDAwMDAwMDAwfX0=",
          "dependencies": [
            "azurerm_network_interface.jenkins",
            "azurerm_network_security_group.nsg",
            "azurerm_public_ip.jenkins_public_ip",
            "azurerm_resource_group.cicdproject",
            "azurerm_subnet.internal",
            "azurerm_virtual_network.main"
          ]
        }
      ]
    },
    {
      "mode": "managed",
      "type": "azurerm_network_interface_security_group_association",
      "name": "webservernsg",
      "provider": "provider[\"registry.terraform.io/hashicorp/azurerm\"]",
      "instances": [
        {
          "schema_version": 0,
          "attributes": {
            "id": "/subscriptions/ea6e6692-4d05-4c5b-9909-51c7dc5f5c2b/resourceGroups/adriano-christmann-rg/providers/Microsoft.Network/networkInterfaces/webserver-nic|/subscriptions/ea6e6692-4d05-4c5b-9909-51c7dc5f5c2b/resourceGroups/adriano-christmann-rg/providers/Microsoft.Network/networkSecurityGroups/cicdproject-nsg",
            "network_interface_id": "/subscriptions/ea6e6692-4d05-4c5b-9909-51c7dc5f5c2b/resourceGroups/adriano-christmann-rg/providers/Microsoft.Network/networkInterfaces/webserver-nic",
            "network_security_group_id": "/subscriptions/ea6e6692-4d05-4c5b-9909-51c7dc5f5c2b/resourceGroups/adriano-christmann-rg/providers/Microsoft.Network/networkSecurityGroups/cicdproject-nsg",
            "timeouts": null
          },
          "sensitive_attributes": [],
          "private": "eyJlMmJmYjczMC1lY2FhLTExZTYtOGY4OC0zNDM2M2JjN2M0YzAiOnsiY3JlYXRlIjoxODAwMDAwMDAwMDAwLCJkZWxldGUiOjE4MDAwMDAwMDAwMDAsInJlYWQiOjMwMDAwMDAwMDAwMCwidXBkYXRlIjoxODAwMDAwMDAwMDAwfX0=",
          "dependencies": [
            "azurerm_network_interface.webserver",
            "azurerm_network_security_group.nsg",
            "azurerm_public_ip.webserver_public_ip",
            "azurerm_resource_group.cicdproject",
            "azurerm_subnet.internal",
            "azurerm_virtual_network.main"
          ]
        }
      ]
    },
    {
      "mode": "managed",
      "type": "azurerm_network_security_group",
      "name": "nsg",
      "provider": "provider[\"registry.terraform.io/hashicorp/azurerm\"]",
      "instances": [
        {
          "schema_version": 0,
          "attributes": {
            "id": "/subscriptions/ea6e6692-4d05-4c5b-9909-51c7dc5f5c2b/resourceGroups/adriano-christmann-rg/providers/Microsoft.Network/networkSecurityGroups/cicdproject-nsg",
            "location": "northeurope",
            "name": "cicdproject-nsg",
            "resource_group_name": "adriano-christmann-rg",
            "security_rule": [
              {
                "access": "Allow",
                "description": "",
                "destination_address_prefix": "*",
                "destination_address_prefixes": [],
                "destination_application_security_group_ids": [],
                "destination_port_range": "*",
                "destination_port_ranges": [],
                "direction": "Outbound",
                "name": "allout",
                "priority": 100,
                "protocol": "Tcp",
                "source_address_prefix": "*",
                "source_address_prefixes": [],
                "source_application_security_group_ids": [],
                "source_port_range": "*",
                "source_port_ranges": []
              },
              {
                "access": "Allow",
                "description": "",
                "destination_address_prefix": "*",
                "destination_address_prefixes": [],
                "destination_application_security_group_ids": [],
                "destination_port_range": "22",
                "destination_port_ranges": [],
                "direction": "Inbound",
                "name": "sshd",
                "priority": 100,
                "protocol": "Tcp",
                "source_address_prefix": "*",
                "source_address_prefixes": [],
                "source_application_security_group_ids": [],
                "source_port_range": "*",
                "source_port_ranges": []
              },
              {
                "access": "Allow",
                "description": "",
                "destination_address_prefix": "*",
                "destination_address_prefixes": [],
                "destination_application_security_group_ids": [],
                "destination_port_range": "80",
                "destination_port_ranges": [],
                "direction": "Inbound",
                "name": "web",
                "priority": 101,
                "protocol": "Tcp",
                "source_address_prefix": "*",
                "source_address_prefixes": [],
                "source_application_security_group_ids": [],
                "source_port_range": "*",
                "source_port_ranges": []
              }
            ],
            "tags": {},
            "timeouts": null
          },
          "sensitive_attributes": [],
          "private": "eyJlMmJmYjczMC1lY2FhLTExZTYtOGY4OC0zNDM2M2JjN2M0YzAiOnsiY3JlYXRlIjoxODAwMDAwMDAwMDAwLCJkZWxldGUiOjE4MDAwMDAwMDAwMDAsInJlYWQiOjMwMDAwMDAwMDAwMCwidXBkYXRlIjoxODAwMDAwMDAwMDAwfX0=",
          "dependencies": [
            "azurerm_resource_group.cicdproject"
          ]
        }
      ]
    },
    {
      "mode": "managed",
      "type": "azurerm_network_security_rule",
      "name": "allout",
      "provider": "provider[\"registry.terraform.io/hashicorp/azurerm\"]",
      "instances": [
        {
          "schema_version": 0,
          "attributes": {
            "access": "Allow",
            "description": "",
            "destination_address_prefix": "*",
            "destination_address_prefixes": [],
            "destination_application_security_group_ids": [],
            "destination_port_range": "*",
            "destination_port_ranges": [],
            "direction": "Outbound",
            "id": "/subscriptions/ea6e6692-4d05-4c5b-9909-51c7dc5f5c2b/resourceGroups/adriano-christmann-rg/providers/Microsoft.Network/networkSecurityGroups/cicdproject-nsg/securityRules/allout",
            "name": "allout",
            "network_security_group_name": "cicdproject-nsg",
            "priority": 201,
            "protocol": "Tcp",
            "resource_group_name": "adriano-christmann-rg",
            "source_address_prefix": "*",
            "source_address_prefixes": [],
            "source_application_security_group_ids": [],
            "source_port_range": "*",
            "source_port_ranges": [],
            "timeouts": null
          },
          "sensitive_attributes": [],
          "private": "eyJlMmJmYjczMC1lY2FhLTExZTYtOGY4OC0zNDM2M2JjN2M0YzAiOnsiY3JlYXRlIjoxODAwMDAwMDAwMDAwLCJkZWxldGUiOjE4MDAwMDAwMDAwMDAsInJlYWQiOjMwMDAwMDAwMDAwMCwidXBkYXRlIjoxODAwMDAwMDAwMDAwfX0=",
          "dependencies": [
            "azurerm_network_security_group.nsg"
          ]
        }
      ]
    },
    {
      "mode": "managed",
      "type": "azurerm_network_security_rule",
      "name": "sshd",
      "provider": "provider[\"registry.terraform.io/hashicorp/azurerm\"]",
      "instances": [
        {
          "schema_version": 0,
          "attributes": {
            "access": "Allow",
            "description": "",
            "destination_address_prefix": "*",
            "destination_address_prefixes": [],
            "destination_application_security_group_ids": [],
            "destination_port_range": "22",
            "destination_port_ranges": [],
            "direction": "Inbound",
            "id": "/subscriptions/ea6e6692-4d05-4c5b-9909-51c7dc5f5c2b/resourceGroups/adriano-christmann-rg/providers/Microsoft.Network/networkSecurityGroups/cicdproject-nsg/securityRules/sshd",
            "name": "sshd",
            "network_security_group_name": "cicdproject-nsg",
            "priority": 100,
            "protocol": "Tcp",
            "resource_group_name": "adriano-christmann-rg",
            "source_address_prefix": "*",
            "source_address_prefixes": [],
            "source_application_security_group_ids": [],
            "source_port_range": "*",
            "source_port_ranges": [],
            "timeouts": null
          },
          "sensitive_attributes": [],
          "private": "eyJlMmJmYjczMC1lY2FhLTExZTYtOGY4OC0zNDM2M2JjN2M0YzAiOnsiY3JlYXRlIjoxODAwMDAwMDAwMDAwLCJkZWxldGUiOjE4MDAwMDAwMDAwMDAsInJlYWQiOjMwMDAwMDAwMDAwMCwidXBkYXRlIjoxODAwMDAwMDAwMDAwfX0=",
          "dependencies": [
            "azurerm_network_security_group.nsg",
            "azurerm_resource_group.cicdproject"
          ]
        }
      ]
    },
    {
      "mode": "managed",
      "type": "azurerm_network_security_rule",
      "name": "web",
      "provider": "provider[\"registry.terraform.io/hashicorp/azurerm\"]",
      "instances": [
        {
          "schema_version": 0,
          "attributes": {
            "access": "Allow",
            "description": "",
            "destination_address_prefix": "*",
            "destination_address_prefixes": [],
            "destination_application_security_group_ids": [],
            "destination_port_range": "80",
            "destination_port_ranges": [],
            "direction": "Inbound",
            "id": "/subscriptions/ea6e6692-4d05-4c5b-9909-51c7dc5f5c2b/resourceGroups/adriano-christmann-rg/providers/Microsoft.Network/networkSecurityGroups/cicdproject-nsg/securityRules/web",
            "name": "web",
            "network_security_group_name": "cicdproject-nsg",
            "priority": 101,
            "protocol": "Tcp",
            "resource_group_name": "adriano-christmann-rg",
            "source_address_prefix": "*",
            "source_address_prefixes": [],
            "source_application_security_group_ids": [],
            "source_port_range": "*",
            "source_port_ranges": [],
            "timeouts": null
          },
          "sensitive_attributes": [],
          "private": "eyJlMmJmYjczMC1lY2FhLTExZTYtOGY4OC0zNDM2M2JjN2M0YzAiOnsiY3JlYXRlIjoxODAwMDAwMDAwMDAwLCJkZWxldGUiOjE4MDAwMDAwMDAwMDAsInJlYWQiOjMwMDAwMDAwMDAwMCwidXBkYXRlIjoxODAwMDAwMDAwMDAwfX0=",
          "dependencies": [
            "azurerm_network_security_group.nsg",
            "azurerm_resource_group.cicdproject"
          ]
        }
      ]
    },
    {
      "mode": "managed",
      "type": "azurerm_public_ip",
      "name": "jenkins_public_ip",
      "provider": "provider[\"registry.terraform.io/hashicorp/azurerm\"]",
      "instances": [
        {
          "schema_version": 0,
          "attributes": {
            "allocation_method": "Dynamic",
            "domain_name_label": null,
            "edge_zone": "",
            "fqdn": null,
            "id": "/subscriptions/ea6e6692-4d05-4c5b-9909-51c7dc5f5c2b/resourceGroups/adriano-christmann-rg/providers/Microsoft.Network/publicIPAddresses/jenkins-public-ip",
            "idle_timeout_in_minutes": 4,
            "ip_address": "40.85.72.252",
            "ip_tags": {},
            "ip_version": "IPv4",
            "location": "northeurope",
            "name": "jenkins-public-ip",
            "public_ip_prefix_id": null,
            "resource_group_name": "adriano-christmann-rg",
            "reverse_fqdn": null,
            "sku": "Basic",
            "sku_tier": "Regional",
            "tags": {},
            "timeouts": null,
            "zones": []
          },
          "sensitive_attributes": [],
          "private": "eyJlMmJmYjczMC1lY2FhLTExZTYtOGY4OC0zNDM2M2JjN2M0YzAiOnsiY3JlYXRlIjoxODAwMDAwMDAwMDAwLCJkZWxldGUiOjE4MDAwMDAwMDAwMDAsInJlYWQiOjMwMDAwMDAwMDAwMCwidXBkYXRlIjoxODAwMDAwMDAwMDAwfX0=",
          "dependencies": [
            "azurerm_resource_group.cicdproject"
          ]
        }
      ]
    },
    {
      "mode": "managed",
      "type": "azurerm_public_ip",
      "name": "webserver_public_ip",
      "provider": "provider[\"registry.terraform.io/hashicorp/azurerm\"]",
      "instances": [
        {
          "schema_version": 0,
          "attributes": {
            "allocation_method": "Dynamic",
            "domain_name_label": null,
            "edge_zone": "",
            "fqdn": null,
            "id": "/subscriptions/ea6e6692-4d05-4c5b-9909-51c7dc5f5c2b/resourceGroups/adriano-christmann-rg/providers/Microsoft.Network/publicIPAddresses/webserver-public-ip",
            "idle_timeout_in_minutes": 4,
            "ip_address": "20.166.67.203",
            "ip_tags": {},
            "ip_version": "IPv4",
            "location": "northeurope",
            "name": "webserver-public-ip",
            "public_ip_prefix_id": null,
            "resource_group_name": "adriano-christmann-rg",
            "reverse_fqdn": null,
            "sku": "Basic",
            "sku_tier": "Regional",
            "tags": {},
            "timeouts": null,
            "zones": []
          },
          "sensitive_attributes": [],
          "private": "eyJlMmJmYjczMC1lY2FhLTExZTYtOGY4OC0zNDM2M2JjN2M0YzAiOnsiY3JlYXRlIjoxODAwMDAwMDAwMDAwLCJkZWxldGUiOjE4MDAwMDAwMDAwMDAsInJlYWQiOjMwMDAwMDAwMDAwMCwidXBkYXRlIjoxODAwMDAwMDAwMDAwfX0=",
          "dependencies": [
            "azurerm_resource_group.cicdproject"
          ]
        }
      ]
    },
    {
      "mode": "managed",
      "type": "azurerm_resource_group",
      "name": "cicdproject",
      "provider": "provider[\"registry.terraform.io/hashicorp/azurerm\"]",
      "instances": [
        {
          "schema_version": 0,
          "attributes": {
            "id": "/subscriptions/ea6e6692-4d05-4c5b-9909-51c7dc5f5c2b/resourceGroups/adriano-christmann-rg",
            "location": "northeurope",
            "name": "adriano-christmann-rg",
            "tags": {},
            "timeouts": null
          },
          "sensitive_attributes": [],
          "private": "eyJlMmJmYjczMC1lY2FhLTExZTYtOGY4OC0zNDM2M2JjN2M0YzAiOnsiY3JlYXRlIjo1NDAwMDAwMDAwMDAwLCJkZWxldGUiOjU0MDAwMDAwMDAwMDAsInJlYWQiOjMwMDAwMDAwMDAwMCwidXBkYXRlIjo1NDAwMDAwMDAwMDAwfX0="
        }
      ]
    },
    {
      "mode": "managed",
      "type": "azurerm_ssh_public_key",
      "name": "sshkey",
      "provider": "provider[\"registry.terraform.io/hashicorp/azurerm\"]",
      "instances": [
        {
          "schema_version": 0,
          "attributes": {
            "id": "/subscriptions/ea6e6692-4d05-4c5b-9909-51c7dc5f5c2b/resourceGroups/adriano-christmann-rg/providers/Microsoft.Compute/sshPublicKeys/adriano",
            "location": "northeurope",
            "name": "adriano",
            "public_key": "ssh-rsa AAAAB3NzaC1yc2EAAAADAQABAAABgQDCeRCdXXCojIXuOugup2Qs0X88J23m7E91xS9lv/ASYee00DTeFexthR7rnoviJimkTZP3zFp3/iFauugQ8u263FB0ZZYfu9cKTf1SB6Ow/4TgTu9Gy+30PHGXdUBSVwrteo1J8Lk0BsxOFmJ5CWjc4YkifqUu+6WxYvHsSRdCvt8GHtfTpBkt31jV1DHjq8L1TZ0QT24hPfMsALyxuBXe6npUrgEA7+7RrVRkvLFJnGz6jxHXHyKS3XUi/D7MHRMg+fDnJaOh+5V+3lye9eSQhv8dIi6XZ7dFscoZxr6fMf2k/gBWpLVb3rvaBG+b3IH9oB0VqIK5/CKVs1Dhy7sj3MbV6LxQZwxHn/W99Asqk3Ubv5js10kn4Nkmy/iqCxwUW3A+d1+uAT4mS5+6H+tvBdeldpk8pt46ubYaC3i972BtKXXGFfyFJ3NurXZZSsTsnbdKpxoW/BsikVfzX1Dixxm3AdTGeJaeCYi944YHr7dDX99G/B/KPf59Ato9Lm0= party@adiworkstation\r\n",
            "resource_group_name": "adriano-christmann-rg",
            "tags": {},
            "timeouts": null
          },
          "sensitive_attributes": [],
          "private": "eyJlMmJmYjczMC1lY2FhLTExZTYtOGY4OC0zNDM2M2JjN2M0YzAiOnsiY3JlYXRlIjoyNzAwMDAwMDAwMDAwLCJkZWxldGUiOjI3MDAwMDAwMDAwMDAsInJlYWQiOjMwMDAwMDAwMDAwMCwidXBkYXRlIjoyNzAwMDAwMDAwMDAwfX0=",
          "dependencies": [
            "azurerm_resource_group.cicdproject"
          ]
        }
      ]
    },
    {
      "mode": "managed",
      "type": "azurerm_subnet",
      "name": "internal",
      "provider": "provider[\"registry.terraform.io/hashicorp/azurerm\"]",
      "instances": [
        {
          "schema_version": 0,
          "attributes": {
            "address_prefixes": [
              "10.0.2.0/24"
            ],
            "delegation": [],
            "enforce_private_link_endpoint_network_policies": false,
            "enforce_private_link_service_network_policies": false,
            "id": "/subscriptions/ea6e6692-4d05-4c5b-9909-51c7dc5f5c2b/resourceGroups/adriano-christmann-rg/providers/Microsoft.Network/virtualNetworks/cicidproject-network/subnets/internal",
            "name": "internal",
            "private_endpoint_network_policies_enabled": true,
            "private_link_service_network_policies_enabled": true,
            "resource_group_name": "adriano-christmann-rg",
            "service_endpoint_policy_ids": [],
            "service_endpoints": [],
            "timeouts": null,
            "virtual_network_name": "cicidproject-network"
          },
          "sensitive_attributes": [],
          "private": "eyJlMmJmYjczMC1lY2FhLTExZTYtOGY4OC0zNDM2M2JjN2M0YzAiOnsiY3JlYXRlIjoxODAwMDAwMDAwMDAwLCJkZWxldGUiOjE4MDAwMDAwMDAwMDAsInJlYWQiOjMwMDAwMDAwMDAwMCwidXBkYXRlIjoxODAwMDAwMDAwMDAwfX0=",
          "dependencies": [
            "azurerm_resource_group.cicdproject",
            "azurerm_virtual_network.main"
          ]
        }
      ]
    },
    {
      "mode": "managed",
      "type": "azurerm_virtual_network",
      "name": "main",
      "provider": "provider[\"registry.terraform.io/hashicorp/azurerm\"]",
      "instances": [
        {
          "schema_version": 0,
          "attributes": {
            "address_space": [
              "10.0.0.0/16"
            ],
            "bgp_community": "",
            "ddos_protection_plan": [],
            "dns_servers": [],
            "edge_zone": "",
            "flow_timeout_in_minutes": 0,
            "guid": "5b19de1f-fc9c-4141-842e-c374226c0ff0",
            "id": "/subscriptions/ea6e6692-4d05-4c5b-9909-51c7dc5f5c2b/resourceGroups/adriano-christmann-rg/providers/Microsoft.Network/virtualNetworks/cicidproject-network",
            "location": "northeurope",
            "name": "cicidproject-network",
            "resource_group_name": "adriano-christmann-rg",
            "subnet": [
              {
                "address_prefix": "10.0.2.0/24",
                "id": "/subscriptions/ea6e6692-4d05-4c5b-9909-51c7dc5f5c2b/resourceGroups/adriano-christmann-rg/providers/Microsoft.Network/virtualNetworks/cicidproject-network/subnets/internal",
                "name": "internal",
                "security_group": ""
              }
            ],
            "tags": {},
            "timeouts": null
          },
          "sensitive_attributes": [],
          "private": "eyJlMmJmYjczMC1lY2FhLTExZTYtOGY4OC0zNDM2M2JjN2M0YzAiOnsiY3JlYXRlIjoxODAwMDAwMDAwMDAwLCJkZWxldGUiOjE4MDAwMDAwMDAwMDAsInJlYWQiOjMwMDAwMDAwMDAwMCwidXBkYXRlIjoxODAwMDAwMDAwMDAwfX0=",
          "dependencies": [
            "azurerm_resource_group.cicdproject"
          ]
        }
      ]
    }
  ],
  "check_results": null
}
